
Microsoft Visual Studio Solution File, Format Version 12.00
# Visual Studio 2017
Project("{FAE04EC0-301F-11D3-BF4B-00C04F79EFBC}") = "VRCAvatarEditor", "VRCAvatarEditor.csproj", "{3AD5F666-BC2E-61B0-B6E7-0A50C0CA9378}"
EndProject
Project("{FAE04EC0-301F-11D3-BF4B-00C04F79EFBC}") = "VRCAvatarEditor.Editor", "VRCAvatarEditor.Editor.csproj", "{DB106554-7F98-1F91-3222-15A3089B581E}"
EndProject
Global
	GlobalSection(SolutionConfigurationPlatforms) = preSolution
		Debug|Any CPU = Debug|Any CPU
		Release|Any CPU = Release|Any CPU
	EndGlobalSection
	GlobalSection(ProjectConfigurationPlatforms) = postSolution
		{3AD5F666-BC2E-61B0-B6E7-0A50C0CA9378}.Debug|Any CPU.ActiveCfg = Debug|Any CPU
		{3AD5F666-BC2E-61B0-B6E7-0A50C0CA9378}.Debug|Any CPU.Build.0 = Debug|Any CPU
		{3AD5F666-BC2E-61B0-B6E7-0A50C0CA9378}.Release|Any CPU.ActiveCfg = Release|Any CPU
		{3AD5F666-BC2E-61B0-B6E7-0A50C0CA9378}.Release|Any CPU.Build.0 = Release|Any CPU
		{DB106554-7F98-1F91-3222-15A3089B581E}.Debug|Any CPU.ActiveCfg = Debug|Any CPU
		{DB106554-7F98-1F91-3222-15A3089B581E}.Debug|Any CPU.Build.0 = Debug|Any CPU
		{DB106554-7F98-1F91-3222-15A3089B581E}.Release|Any CPU.ActiveCfg = Release|Any CPU
		{DB106554-7F98-1F91-3222-15A3089B581E}.Release|Any CPU.Build.0 = Release|Any CPU
	EndGlobalSection
	GlobalSection(SolutionProperties) = preSolution
		HideSolutionNode = FALSE
	EndGlobalSection
EndGlobal
